
Microsoft Visual Studio Solution File, Format Version 12.00
# Visual Studio Version 16
VisualStudioVersion = 16.0.30011.22
MinimumVisualStudioVersion = 10.0.40219.1
Project("{9A19103F-16F7-4668-BE54-9A1E7A4F7556}") = "Az204api", "Az204api\Az204api.csproj", "{18861B4C-5B52-4D8F-961A-F037C56ED3AA}"
EndProject
Project("{9A19103F-16F7-4668-BE54-9A1E7A4F7556}") = "Az204functions", "Az204functions\Az204functions.csproj", "{94344CE7-E0DE-4802-81C1-146A7EE77A35}"
EndProject
Project("{151D2E53-A2C4-4D7D-83FE-D05416EBD58E}") = "LogicApp", "LogicApp\LogicApp.deployproj", "{828303E3-FA0B-415B-8E66-136B0C549E3B}"
EndProject
Global
	GlobalSection(SolutionConfigurationPlatforms) = preSolution
		Debug|Any CPU = Debug|Any CPU
		Release|Any CPU = Release|Any CPU
	EndGlobalSection
	GlobalSection(ProjectConfigurationPlatforms) = postSolution
		{18861B4C-5B52-4D8F-961A-F037C56ED3AA}.Debug|Any CPU.ActiveCfg = Debug|Any CPU
		{18861B4C-5B52-4D8F-961A-F037C56ED3AA}.Debug|Any CPU.Build.0 = Debug|Any CPU
		{18861B4C-5B52-4D8F-961A-F037C56ED3AA}.Release|Any CPU.ActiveCfg = Release|Any CPU
		{18861B4C-5B52-4D8F-961A-F037C56ED3AA}.Release|Any CPU.Build.0 = Release|Any CPU
		{94344CE7-E0DE-4802-81C1-146A7EE77A35}.Debug|Any CPU.ActiveCfg = Debug|Any CPU
		{94344CE7-E0DE-4802-81C1-146A7EE77A35}.Debug|Any CPU.Build.0 = Debug|Any CPU
		{94344CE7-E0DE-4802-81C1-146A7EE77A35}.Release|Any CPU.ActiveCfg = Release|Any CPU
		{94344CE7-E0DE-4802-81C1-146A7EE77A35}.Release|Any CPU.Build.0 = Release|Any CPU
		{828303E3-FA0B-415B-8E66-136B0C549E3B}.Debug|Any CPU.ActiveCfg = Debug|Any CPU
		{828303E3-FA0B-415B-8E66-136B0C549E3B}.Debug|Any CPU.Build.0 = Debug|Any CPU
		{828303E3-FA0B-415B-8E66-136B0C549E3B}.Release|Any CPU.ActiveCfg = Release|Any CPU
		{828303E3-FA0B-415B-8E66-136B0C549E3B}.Release|Any CPU.Build.0 = Release|Any CPU
	EndGlobalSection
	GlobalSection(SolutionProperties) = preSolution
		HideSolutionNode = FALSE
	EndGlobalSection
	GlobalSection(ExtensibilityGlobals) = postSolution
		SolutionGuid = {08C583AA-ED59-4BEB-B6CD-E748A570F1F8}
	EndGlobalSection
EndGlobal
